
Microsoft Visual Studio Solution File, Format Version 12.00
# Visual Studio Version 17
VisualStudioVersion = 17.7.34003.232
MinimumVisualStudioVersion = 10.0.40219.1
Project("{FAE04EC0-301F-11D3-BF4B-00C04F79EFBC}") = "AQUALINKS_BETA", "AQUALINKS_BETA\AQUALINKS_BETA.csproj", "{C5983FE9-D415-4EAA-9953-EAE39D23CDF5}"
EndProject
Global
	GlobalSection(SolutionConfigurationPlatforms) = preSolution
		Debug|Any CPU = Debug|Any CPU
		Release|Any CPU = Release|Any CPU
	EndGlobalSection
	GlobalSection(ProjectConfigurationPlatforms) = postSolution
		{C5983FE9-D415-4EAA-9953-EAE39D23CDF5}.Debug|Any CPU.ActiveCfg = Debug|Any CPU
		{C5983FE9-D415-4EAA-9953-EAE39D23CDF5}.Debug|Any CPU.Build.0 = Debug|Any CPU
		{C5983FE9-D415-4EAA-9953-EAE39D23CDF5}.Release|Any CPU.ActiveCfg = Release|Any CPU
		{C5983FE9-D415-4EAA-9953-EAE39D23CDF5}.Release|Any CPU.Build.0 = Release|Any CPU
	EndGlobalSection
	GlobalSection(SolutionProperties) = preSolution
		HideSolutionNode = FALSE
	EndGlobalSection
	GlobalSection(ExtensibilityGlobals) = postSolution
		SolutionGuid = {2FA05FEA-2EEC-481F-A4DF-A168BE1966AD}
	EndGlobalSection
EndGlobal
